
Microsoft Visual Studio Solution File, Format Version 12.00
# Visual Studio Version 17
VisualStudioVersion = 17.5.002.0
MinimumVisualStudioVersion = 10.0.40219.1
Project("{9A19103F-16F7-4668-BE54-9A1E7A4F7556}") = "MeusLivros1", "MeusLivros1.csproj", "{DF0D42D1-CB98-493F-B003-E435E0CE7B36}"
EndProject
Global
	GlobalSection(SolutionConfigurationPlatforms) = preSolution
		Debug|Any CPU = Debug|Any CPU
		Release|Any CPU = Release|Any CPU
	EndGlobalSection
	GlobalSection(ProjectConfigurationPlatforms) = postSolution
		{DF0D42D1-CB98-493F-B003-E435E0CE7B36}.Debug|Any CPU.ActiveCfg = Debug|Any CPU
		{DF0D42D1-CB98-493F-B003-E435E0CE7B36}.Debug|Any CPU.Build.0 = Debug|Any CPU
		{DF0D42D1-CB98-493F-B003-E435E0CE7B36}.Release|Any CPU.ActiveCfg = Release|Any CPU
		{DF0D42D1-CB98-493F-B003-E435E0CE7B36}.Release|Any CPU.Build.0 = Release|Any CPU
	EndGlobalSection
	GlobalSection(SolutionProperties) = preSolution
		HideSolutionNode = FALSE
	EndGlobalSection
	GlobalSection(ExtensibilityGlobals) = postSolution
		SolutionGuid = {66EA90DB-365D-4D52-852D-C182425C975E}
	EndGlobalSection
EndGlobal
